// !$*UTF8*$!
{
	archiveVersion = 1;
	classes = {
	};
	objectVersion = 56;
	objects = {

/* Begin PBXBuildFile section */
		4F1E2EF129DE7DB00068D989 /* CoreDataManager.swift in Sources */ = {isa = PBXBuildFile; fileRef = 4F1E2EF029DE7DB00068D989 /* CoreDataManager.swift */; };
		4F1E2EF329DE7DF40068D989 /* CoreDataProtocols.swift in Sources */ = {isa = PBXBuildFile; fileRef = 4F1E2EF229DE7DF40068D989 /* CoreDataProtocols.swift */; };
		4F1E2EF529DE84D40068D989 /* Task.swift in Sources */ = {isa = PBXBuildFile; fileRef = 4F1E2EF429DE84D40068D989 /* Task.swift */; };
		4F1E2EF829DE8D530068D989 /* CoreDataViewModel.swift in Sources */ = {isa = PBXBuildFile; fileRef = 4F1E2EF729DE8D530068D989 /* CoreDataViewModel.swift */; };
		4FC8ABB229DE243A00D4B418 /* AppDelegate.swift in Sources */ = {isa = PBXBuildFile; fileRef = 4FC8ABB129DE243A00D4B418 /* AppDelegate.swift */; };
		4FC8ABB429DE243A00D4B418 /* SceneDelegate.swift in Sources */ = {isa = PBXBuildFile; fileRef = 4FC8ABB329DE243A00D4B418 /* SceneDelegate.swift */; };
		4FC8ABB629DE243A00D4B418 /* ToDoViewController.swift in Sources */ = {isa = PBXBuildFile; fileRef = 4FC8ABB529DE243A00D4B418 /* ToDoViewController.swift */; };
		4FC8ABB929DE243A00D4B418 /* Main.storyboard in Resources */ = {isa = PBXBuildFile; fileRef = 4FC8ABB729DE243A00D4B418 /* Main.storyboard */; };
		4FC8ABBC29DE243A00D4B418 /* ToDoList.xcdatamodeld in Sources */ = {isa = PBXBuildFile; fileRef = 4FC8ABBA29DE243A00D4B418 /* ToDoList.xcdatamodeld */; };
		4FC8ABBE29DE243C00D4B418 /* Assets.xcassets in Resources */ = {isa = PBXBuildFile; fileRef = 4FC8ABBD29DE243C00D4B418 /* Assets.xcassets */; };
		4FC8ABC129DE243C00D4B418 /* LaunchScreen.storyboard in Resources */ = {isa = PBXBuildFile; fileRef = 4FC8ABBF29DE243C00D4B418 /* LaunchScreen.storyboard */; };
		4FC8ABCC29DE243D00D4B418 /* ToDoListTests.swift in Sources */ = {isa = PBXBuildFile; fileRef = 4FC8ABCB29DE243D00D4B418 /* ToDoListTests.swift */; };
		4FC8ABD629DE243D00D4B418 /* ToDoListUITests.swift in Sources */ = {isa = PBXBuildFile; fileRef = 4FC8ABD529DE243D00D4B418 /* ToDoListUITests.swift */; };
		4FC8ABD829DE243D00D4B418 /* ToDoListUITestsLaunchTests.swift in Sources */ = {isa = PBXBuildFile; fileRef = 4FC8ABD729DE243D00D4B418 /* ToDoListUITestsLaunchTests.swift */; };
		4FC8ABE529DE28EF00D4B418 /* AddTaskViewController.swift in Sources */ = {isa = PBXBuildFile; fileRef = 4FC8ABE429DE28EF00D4B418 /* AddTaskViewController.swift */; };
		4FC8ABE729DE290600D4B418 /* EditTaskViewController.swift in Sources */ = {isa = PBXBuildFile; fileRef = 4FC8ABE629DE290600D4B418 /* EditTaskViewController.swift */; };
		4FC8ABE929DE293500D4B418 /* TaskDetailsViewController.swift in Sources */ = {isa = PBXBuildFile; fileRef = 4FC8ABE829DE293500D4B418 /* TaskDetailsViewController.swift */; };
		4FC8ABEB29DE297000D4B418 /* InProgressViewController.swift in Sources */ = {isa = PBXBuildFile; fileRef = 4FC8ABEA29DE297000D4B418 /* InProgressViewController.swift */; };
		4FC8ABED29DE298200D4B418 /* DoneViewController.swift in Sources */ = {isa = PBXBuildFile; fileRef = 4FC8ABEC29DE298200D4B418 /* DoneViewController.swift */; };
		4FCB3E7429DE44CB00CDB572 /* TaskTableViewCell.swift in Sources */ = {isa = PBXBuildFile; fileRef = 4FCB3E7229DE44CB00CDB572 /* TaskTableViewCell.swift */; };
		4FCB3E7529DE44CB00CDB572 /* TaskTableViewCell.xib in Resources */ = {isa = PBXBuildFile; fileRef = 4FCB3E7329DE44CB00CDB572 /* TaskTableViewCell.xib */; };
/* End PBXBuildFile section */

/* Begin PBXContainerItemProxy section */
		4FC8ABC829DE243D00D4B418 /* PBXContainerItemProxy */ = {
			isa = PBXContainerItemProxy;
			containerPortal = 4FC8ABA629DE243A00D4B418 /* Project object */;
			proxyType = 1;
			remoteGlobalIDString = 4FC8ABAD29DE243A00D4B418;
			remoteInfo = ToDoList;
		};
		4FC8ABD229DE243D00D4B418 /* PBXContainerItemProxy */ = {
			isa = PBXContainerItemProxy;
			containerPortal = 4FC8ABA629DE243A00D4B418 /* Project object */;
			proxyType = 1;
			remoteGlobalIDString = 4FC8ABAD29DE243A00D4B418;
			remoteInfo = ToDoList;
		};
/* End PBXContainerItemProxy section */

/* Begin PBXFileReference section */
		4F1E2EF029DE7DB00068D989 /* CoreDataManager.swift */ = {isa = PBXFileReference; lastKnownFileType = sourcecode.swift; path = CoreDataManager.swift; sourceTree = "<group>"; };
		4F1E2EF229DE7DF40068D989 /* CoreDataProtocols.swift */ = {isa = PBXFileReference; lastKnownFileType = sourcecode.swift; path = CoreDataProtocols.swift; sourceTree = "<group>"; };
		4F1E2EF429DE84D40068D989 /* Task.swift */ = {isa = PBXFileReference; lastKnownFileType = sourcecode.swift; path = Task.swift; sourceTree = "<group>"; };
		4F1E2EF729DE8D530068D989 /* CoreDataViewModel.swift */ = {isa = PBXFileReference; lastKnownFileType = sourcecode.swift; path = CoreDataViewModel.swift; sourceTree = "<group>"; };
		4FC8ABAE29DE243A00D4B418 /* ToDoList.app */ = {isa = PBXFileReference; explicitFileType = wrapper.application; includeInIndex = 0; path = ToDoList.app; sourceTree = BUILT_PRODUCTS_DIR; };
		4FC8ABB129DE243A00D4B418 /* AppDelegate.swift */ = {isa = PBXFileReference; lastKnownFileType = sourcecode.swift; path = AppDelegate.swift; sourceTree = "<group>"; };
		4FC8ABB329DE243A00D4B418 /* SceneDelegate.swift */ = {isa = PBXFileReference; lastKnownFileType = sourcecode.swift; path = SceneDelegate.swift; sourceTree = "<group>"; };
		4FC8ABB529DE243A00D4B418 /* ToDoViewController.swift */ = {isa = PBXFileReference; lastKnownFileType = sourcecode.swift; path = ToDoViewController.swift; sourceTree = "<group>"; };
		4FC8ABB829DE243A00D4B418 /* Base */ = {isa = PBXFileReference; lastKnownFileType = file.storyboard; name = Base; path = Base.lproj/Main.storyboard; sourceTree = "<group>"; };
		4FC8ABBB29DE243A00D4B418 /* ToDoList.xcdatamodel */ = {isa = PBXFileReference; lastKnownFileType = wrapper.xcdatamodel; path = ToDoList.xcdatamodel; sourceTree = "<group>"; };
		4FC8ABBD29DE243C00D4B418 /* Assets.xcassets */ = {isa = PBXFileReference; lastKnownFileType = folder.assetcatalog; path = Assets.xcassets; sourceTree = "<group>"; };
		4FC8ABC029DE243C00D4B418 /* Base */ = {isa = PBXFileReference; lastKnownFileType = file.storyboard; name = Base; path = Base.lproj/LaunchScreen.storyboard; sourceTree = "<group>"; };
		4FC8ABC229DE243C00D4B418 /* Info.plist */ = {isa = PBXFileReference; lastKnownFileType = text.plist.xml; path = Info.plist; sourceTree = "<group>"; };
		4FC8ABC729DE243D00D4B418 /* ToDoListTests.xctest */ = {isa = PBXFileReference; explicitFileType = wrapper.cfbundle; includeInIndex = 0; path = ToDoListTests.xctest; sourceTree = BUILT_PRODUCTS_DIR; };
		4FC8ABCB29DE243D00D4B418 /* ToDoListTests.swift */ = {isa = PBXFileReference; lastKnownFileType = sourcecode.swift; path = ToDoListTests.swift; sourceTree = "<group>"; };
		4FC8ABD129DE243D00D4B418 /* ToDoListUITests.xctest */ = {isa = PBXFileReference; explicitFileType = wrapper.cfbundle; includeInIndex = 0; path = ToDoListUITests.xctest; sourceTree = BUILT_PRODUCTS_DIR; };
		4FC8ABD529DE243D00D4B418 /* ToDoListUITests.swift */ = {isa = PBXFileReference; lastKnownFileType = sourcecode.swift; path = ToDoListUITests.swift; sourceTree = "<group>"; };
		4FC8ABD729DE243D00D4B418 /* ToDoListUITestsLaunchTests.swift */ = {isa = PBXFileReference; lastKnownFileType = sourcecode.swift; path = ToDoListUITestsLaunchTests.swift; sourceTree = "<group>"; };
		4FC8ABE429DE28EF00D4B418 /* AddTaskViewController.swift */ = {isa = PBXFileReference; lastKnownFileType = sourcecode.swift; path = AddTaskViewController.swift; sourceTree = "<group>"; };
		4FC8ABE629DE290600D4B418 /* EditTaskViewController.swift */ = {isa = PBXFileReference; lastKnownFileType = sourcecode.swift; path = EditTaskViewController.swift; sourceTree = "<group>"; };
		4FC8ABE829DE293500D4B418 /* TaskDetailsViewController.swift */ = {isa = PBXFileReference; lastKnownFileType = sourcecode.swift; path = TaskDetailsViewController.swift; sourceTree = "<group>"; };
		4FC8ABEA29DE297000D4B418 /* InProgressViewController.swift */ = {isa = PBXFileReference; lastKnownFileType = sourcecode.swift; path = InProgressViewController.swift; sourceTree = "<group>"; };
		4FC8ABEC29DE298200D4B418 /* DoneViewController.swift */ = {isa = PBXFileReference; lastKnownFileType = sourcecode.swift; path = DoneViewController.swift; sourceTree = "<group>"; };
		4FCB3E7229DE44CB00CDB572 /* TaskTableViewCell.swift */ = {isa = PBXFileReference; lastKnownFileType = sourcecode.swift; path = TaskTableViewCell.swift; sourceTree = "<group>"; };
		4FCB3E7329DE44CB00CDB572 /* TaskTableViewCell.xib */ = {isa = PBXFileReference; lastKnownFileType = file.xib; path = TaskTableViewCell.xib; sourceTree = "<group>"; };
/* End PBXFileReference section */

/* Begin PBXFrameworksBuildPhase section */
		4FC8ABAB29DE243A00D4B418 /* Frameworks */ = {
			isa = PBXFrameworksBuildPhase;
			buildActionMask = 2147483647;
			files = (
			);
			runOnlyForDeploymentPostprocessing = 0;
		};
		4FC8ABC429DE243D00D4B418 /* Frameworks */ = {
			isa = PBXFrameworksBuildPhase;
			buildActionMask = 2147483647;
			files = (
			);
			runOnlyForDeploymentPostprocessing = 0;
		};
		4FC8ABCE29DE243D00D4B418 /* Frameworks */ = {
			isa = PBXFrameworksBuildPhase;
			buildActionMask = 2147483647;
			files = (
			);
			runOnlyForDeploymentPostprocessing = 0;
		};
/* End PBXFrameworksBuildPhase section */

/* Begin PBXGroup section */
		4F1E2EEF29DE7D810068D989 /* CoreDataManager */ = {
			isa = PBXGroup;
			children = (
				4F1E2EF029DE7DB00068D989 /* CoreDataManager.swift */,
				4F1E2EF229DE7DF40068D989 /* CoreDataProtocols.swift */,
			);
			path = CoreDataManager;
			sourceTree = "<group>";
		};
		4F1E2EF629DE8D340068D989 /* CoreDataViewModel */ = {
			isa = PBXGroup;
			children = (
				4F1E2EF729DE8D530068D989 /* CoreDataViewModel.swift */,
			);
			path = CoreDataViewModel;
			sourceTree = "<group>";
		};
		4FA893FA29DE421000C30E11 /* Model */ = {
			isa = PBXGroup;
			children = (
				4F1E2EF429DE84D40068D989 /* Task.swift */,
			);
			path = Model;
			sourceTree = "<group>";
		};
		4FA893FB29DE421C00C30E11 /* View */ = {
			isa = PBXGroup;
			children = (
				4FA893FE29DE427C00C30E11 /* TaskTableViewCell */,
				4FC8ABB529DE243A00D4B418 /* ToDoViewController.swift */,
				4FC8ABEA29DE297000D4B418 /* InProgressViewController.swift */,
				4FC8ABEC29DE298200D4B418 /* DoneViewController.swift */,
				4FC8ABE429DE28EF00D4B418 /* AddTaskViewController.swift */,
				4FC8ABE629DE290600D4B418 /* EditTaskViewController.swift */,
				4FC8ABE829DE293500D4B418 /* TaskDetailsViewController.swift */,
			);
			path = View;
			sourceTree = "<group>";
		};
		4FA893FC29DE422500C30E11 /* ViewModel */ = {
			isa = PBXGroup;
			children = (
				4F1E2EF629DE8D340068D989 /* CoreDataViewModel */,
			);
			path = ViewModel;
			sourceTree = "<group>";
		};
		4FA893FD29DE423900C30E11 /* Utilities */ = {
			isa = PBXGroup;
			children = (
				4FC8ABB129DE243A00D4B418 /* AppDelegate.swift */,
				4FC8ABB329DE243A00D4B418 /* SceneDelegate.swift */,
			);
			path = Utilities;
			sourceTree = "<group>";
		};
		4FA893FE29DE427C00C30E11 /* TaskTableViewCell */ = {
			isa = PBXGroup;
			children = (
				4FCB3E7229DE44CB00CDB572 /* TaskTableViewCell.swift */,
				4FCB3E7329DE44CB00CDB572 /* TaskTableViewCell.xib */,
			);
			path = TaskTableViewCell;
			sourceTree = "<group>";
		};
		4FC8ABA529DE243A00D4B418 = {
			isa = PBXGroup;
			children = (
				4FC8ABB029DE243A00D4B418 /* ToDoList */,
				4FC8ABCA29DE243D00D4B418 /* ToDoListTests */,
				4FC8ABD429DE243D00D4B418 /* ToDoListUITests */,
				4FC8ABAF29DE243A00D4B418 /* Products */,
			);
			sourceTree = "<group>";
		};
		4FC8ABAF29DE243A00D4B418 /* Products */ = {
			isa = PBXGroup;
			children = (
				4FC8ABAE29DE243A00D4B418 /* ToDoList.app */,
				4FC8ABC729DE243D00D4B418 /* ToDoListTests.xctest */,
				4FC8ABD129DE243D00D4B418 /* ToDoListUITests.xctest */,
			);
			name = Products;
			sourceTree = "<group>";
		};
		4FC8ABB029DE243A00D4B418 /* ToDoList */ = {
			isa = PBXGroup;
			children = (
				4FA893FD29DE423900C30E11 /* Utilities */,
				4FA893FC29DE422500C30E11 /* ViewModel */,
				4FA893FB29DE421C00C30E11 /* View */,
				4FA893FA29DE421000C30E11 /* Model */,
				4F1E2EEF29DE7D810068D989 /* CoreDataManager */,
				4FC8ABB729DE243A00D4B418 /* Main.storyboard */,
				4FC8ABBD29DE243C00D4B418 /* Assets.xcassets */,
				4FC8ABBF29DE243C00D4B418 /* LaunchScreen.storyboard */,
				4FC8ABC229DE243C00D4B418 /* Info.plist */,
				4FC8ABBA29DE243A00D4B418 /* ToDoList.xcdatamodeld */,
			);
			path = ToDoList;
			sourceTree = "<group>";
		};
		4FC8ABCA29DE243D00D4B418 /* ToDoListTests */ = {
			isa = PBXGroup;
			children = (
				4FC8ABCB29DE243D00D4B418 /* ToDoListTests.swift */,
			);
			path = ToDoListTests;
			sourceTree = "<group>";
		};
		4FC8ABD429DE243D00D4B418 /* ToDoListUITests */ = {
			isa = PBXGroup;
			children = (
				4FC8ABD529DE243D00D4B418 /* ToDoListUITests.swift */,
				4FC8ABD729DE243D00D4B418 /* ToDoListUITestsLaunchTests.swift */,
			);
			path = ToDoListUITests;
			sourceTree = "<group>";
		};
/* End PBXGroup section */

/* Begin PBXNativeTarget section */
		4FC8ABAD29DE243A00D4B418 /* ToDoList */ = {
			isa = PBXNativeTarget;
			buildConfigurationList = 4FC8ABDB29DE243D00D4B418 /* Build configuration list for PBXNativeTarget "ToDoList" */;
			buildPhases = (
				4FC8ABAA29DE243A00D4B418 /* Sources */,
				4FC8ABAB29DE243A00D4B418 /* Frameworks */,
				4FC8ABAC29DE243A00D4B418 /* Resources */,
			);
			buildRules = (
			);
			dependencies = (
			);
			name = ToDoList;
			productName = ToDoList;
			productReference = 4FC8ABAE29DE243A00D4B418 /* ToDoList.app */;
			productType = "com.apple.product-type.application";
		};
		4FC8ABC629DE243D00D4B418 /* ToDoListTests */ = {
			isa = PBXNativeTarget;
			buildConfigurationList = 4FC8ABDE29DE243D00D4B418 /* Build configuration list for PBXNativeTarget "ToDoListTests" */;
			buildPhases = (
				4FC8ABC329DE243D00D4B418 /* Sources */,
				4FC8ABC429DE243D00D4B418 /* Frameworks */,
				4FC8ABC529DE243D00D4B418 /* Resources */,
			);
			buildRules = (
			);
			dependencies = (
				4FC8ABC929DE243D00D4B418 /* PBXTargetDependency */,
			);
			name = ToDoListTests;
			productName = ToDoListTests;
			productReference = 4FC8ABC729DE243D00D4B418 /* ToDoListTests.xctest */;
			productType = "com.apple.product-type.bundle.unit-test";
		};
		4FC8ABD029DE243D00D4B418 /* ToDoListUITests */ = {
			isa = PBXNativeTarget;
			buildConfigurationList = 4FC8ABE129DE243D00D4B418 /* Build configuration list for PBXNativeTarget "ToDoListUITests" */;
			buildPhases = (
				4FC8ABCD29DE243D00D4B418 /* Sources */,
				4FC8ABCE29DE243D00D4B418 /* Frameworks */,
				4FC8ABCF29DE243D00D4B418 /* Resources */,
			);
			buildRules = (
			);
			dependencies = (
				4FC8ABD329DE243D00D4B418 /* PBXTargetDependency */,
			);
			name = ToDoListUITests;
			productName = ToDoListUITests;
			productReference = 4FC8ABD129DE243D00D4B418 /* ToDoListUITests.xctest */;
			productType = "com.apple.product-type.bundle.ui-testing";
		};
/* End PBXNativeTarget section */

/* Begin PBXProject section */
		4FC8ABA629DE243A00D4B418 /* Project object */ = {
			isa = PBXProject;
			attributes = {
				BuildIndependentTargetsInParallel = 1;
				LastSwiftUpdateCheck = 1420;
				LastUpgradeCheck = 1420;
				TargetAttributes = {
					4FC8ABAD29DE243A00D4B418 = {
						CreatedOnToolsVersion = 14.2;
					};
					4FC8ABC629DE243D00D4B418 = {
						CreatedOnToolsVersion = 14.2;
						TestTargetID = 4FC8ABAD29DE243A00D4B418;
					};
					4FC8ABD029DE243D00D4B418 = {
						CreatedOnToolsVersion = 14.2;
						TestTargetID = 4FC8ABAD29DE243A00D4B418;
					};
				};
			};
			buildConfigurationList = 4FC8ABA929DE243A00D4B418 /* Build configuration list for PBXProject "ToDoList" */;
			compatibilityVersion = "Xcode 14.0";
			developmentRegion = en;
			hasScannedForEncodings = 0;
			knownRegions = (
				en,
				Base,
			);
			mainGroup = 4FC8ABA529DE243A00D4B418;
			productRefGroup = 4FC8ABAF29DE243A00D4B418 /* Products */;
			projectDirPath = "";
			projectRoot = "";
			targets = (
				4FC8ABAD29DE243A00D4B418 /* ToDoList */,
				4FC8ABC629DE243D00D4B418 /* ToDoListTests */,
				4FC8ABD029DE243D00D4B418 /* ToDoListUITests */,
			);
		};
/* End PBXProject section */

/* Begin PBXResourcesBuildPhase section */
		4FC8ABAC29DE243A00D4B418 /* Resources */ = {
			isa = PBXResourcesBuildPhase;
			buildActionMask = 2147483647;
			files = (
				4FCB3E7529DE44CB00CDB572 /* TaskTableViewCell.xib in Resources */,
				4FC8ABC129DE243C00D4B418 /* LaunchScreen.storyboard in Resources */,
				4FC8ABBE29DE243C00D4B418 /* Assets.xcassets in Resources */,
				4FC8ABB929DE243A00D4B418 /* Main.storyboard in Resources */,
			);
			runOnlyForDeploymentPostprocessing = 0;
		};
		4FC8ABC529DE243D00D4B418 /* Resources */ = {
			isa = PBXResourcesBuildPhase;
			buildActionMask = 2147483647;
			files = (
			);
			runOnlyForDeploymentPostprocessing = 0;
		};
		4FC8ABCF29DE243D00D4B418 /* Resources */ = {
			isa = PBXResourcesBuildPhase;
			buildActionMask = 2147483647;
			files = (
			);
			runOnlyForDeploymentPostprocessing = 0;
		};
/* End PBXResourcesBuildPhase section */

/* Begin PBXSourcesBuildPhase section */
		4FC8ABAA29DE243A00D4B418 /* Sources */ = {
			isa = PBXSourcesBuildPhase;
			buildActionMask = 2147483647;
			files = (
				4FC8ABE929DE293500D4B418 /* TaskDetailsViewController.swift in Sources */,
				4FC8ABB629DE243A00D4B418 /* ToDoViewController.swift in Sources */,
				4FCB3E7429DE44CB00CDB572 /* TaskTableViewCell.swift in Sources */,
				4FC8ABE729DE290600D4B418 /* EditTaskViewController.swift in Sources */,
				4FC8ABB229DE243A00D4B418 /* AppDelegate.swift in Sources */,
				4FC8ABEB29DE297000D4B418 /* InProgressViewController.swift in Sources */,
				4F1E2EF329DE7DF40068D989 /* CoreDataProtocols.swift in Sources */,
				4FC8ABB429DE243A00D4B418 /* SceneDelegate.swift in Sources */,
				4F1E2EF529DE84D40068D989 /* Task.swift in Sources */,
				4F1E2EF829DE8D530068D989 /* CoreDataViewModel.swift in Sources */,
				4FC8ABBC29DE243A00D4B418 /* ToDoList.xcdatamodeld in Sources */,
				4FC8ABED29DE298200D4B418 /* DoneViewController.swift in Sources */,
				4FC8ABE529DE28EF00D4B418 /* AddTaskViewController.swift in Sources */,
				4F1E2EF129DE7DB00068D989 /* CoreDataManager.swift in Sources */,
			);
			runOnlyForDeploymentPostprocessing = 0;
		};
		4FC8ABC329DE243D00D4B418 /* Sources */ = {
			isa = PBXSourcesBuildPhase;
			buildActionMask = 2147483647;
			files = (
				4FC8ABCC29DE243D00D4B418 /* ToDoListTests.swift in Sources */,
			);
			runOnlyForDeploymentPostprocessing = 0;
		};
		4FC8ABCD29DE243D00D4B418 /* Sources */ = {
			isa = PBXSourcesBuildPhase;
			buildActionMask = 2147483647;
			files = (
				4FC8ABD829DE243D00D4B418 /* ToDoListUITestsLaunchTests.swift in Sources */,
				4FC8ABD629DE243D00D4B418 /* ToDoListUITests.swift in Sources */,
			);
			runOnlyForDeploymentPostprocessing = 0;
		};
/* End PBXSourcesBuildPhase section */

/* Begin PBXTargetDependency section */
		4FC8ABC929DE243D00D4B418 /* PBXTargetDependency */ = {
			isa = PBXTargetDependency;
			target = 4FC8ABAD29DE243A00D4B418 /* ToDoList */;
			targetProxy = 4FC8ABC829DE243D00D4B418 /* PBXContainerItemProxy */;
		};
		4FC8ABD329DE243D00D4B418 /* PBXTargetDependency */ = {
			isa = PBXTargetDependency;
			target = 4FC8ABAD29DE243A00D4B418 /* ToDoList */;
			targetProxy = 4FC8ABD229DE243D00D4B418 /* PBXContainerItemProxy */;
		};
/* End PBXTargetDependency section */

/* Begin PBXVariantGroup section */
		4FC8ABB729DE243A00D4B418 /* Main.storyboard */ = {
			isa = PBXVariantGroup;
			children = (
				4FC8ABB829DE243A00D4B418 /* Base */,
			);
			name = Main.storyboard;
			sourceTree = "<group>";
		};
		4FC8ABBF29DE243C00D4B418 /* LaunchScreen.storyboard */ = {
			isa = PBXVariantGroup;
			children = (
				4FC8ABC029DE243C00D4B418 /* Base */,
			);
			name = LaunchScreen.storyboard;
			sourceTree = "<group>";
		};
/* End PBXVariantGroup section */

/* Begin XCBuildConfiguration section */
		4FC8ABD929DE243D00D4B418 /* Debug */ = {
			isa = XCBuildConfiguration;
			buildSettings = {
				ALWAYS_SEARCH_USER_PATHS = NO;
				CLANG_ANALYZER_NONNULL = YES;
				CLANG_ANALYZER_NUMBER_OBJECT_CONVERSION = YES_AGGRESSIVE;
				CLANG_CXX_LANGUAGE_STANDARD = "gnu++20";
				CLANG_ENABLE_MODULES = YES;
				CLANG_ENABLE_OBJC_ARC = YES;
				CLANG_ENABLE_OBJC_WEAK = YES;
				CLANG_WARN_BLOCK_CAPTURE_AUTORELEASING = YES;
				CLANG_WARN_BOOL_CONVERSION = YES;
				CLANG_WARN_COMMA = YES;
				CLANG_WARN_CONSTANT_CONVERSION = YES;
				CLANG_WARN_DEPRECATED_OBJC_IMPLEMENTATIONS = YES;
				CLANG_WARN_DIRECT_OBJC_ISA_USAGE = YES_ERROR;
				CLANG_WARN_DOCUMENTATION_COMMENTS = YES;
				CLANG_WARN_EMPTY_BODY = YES;
				CLANG_WARN_ENUM_CONVERSION = YES;
				CLANG_WARN_INFINITE_RECURSION = YES;
				CLANG_WARN_INT_CONVERSION = YES;
				CLANG_WARN_NON_LITERAL_NULL_CONVERSION = YES;
				CLANG_WARN_OBJC_IMPLICIT_RETAIN_SELF = YES;
				CLANG_WARN_OBJC_LITERAL_CONVERSION = YES;
				CLANG_WARN_OBJC_ROOT_CLASS = YES_ERROR;
				CLANG_WARN_QUOTED_INCLUDE_IN_FRAMEWORK_HEADER = YES;
				CLANG_WARN_RANGE_LOOP_ANALYSIS = YES;
				CLANG_WARN_STRICT_PROTOTYPES = YES;
				CLANG_WARN_SUSPICIOUS_MOVE = YES;
				CLANG_WARN_UNGUARDED_AVAILABILITY = YES_AGGRESSIVE;
				CLANG_WARN_UNREACHABLE_CODE = YES;
				CLANG_WARN__DUPLICATE_METHOD_MATCH = YES;
				COPY_PHASE_STRIP = NO;
				DEBUG_INFORMATION_FORMAT = dwarf;
				ENABLE_STRICT_OBJC_MSGSEND = YES;
				ENABLE_TESTABILITY = YES;
				GCC_C_LANGUAGE_STANDARD = gnu11;
				GCC_DYNAMIC_NO_PIC = NO;
				GCC_NO_COMMON_BLOCKS = YES;
				GCC_OPTIMIZATION_LEVEL = 0;
				GCC_PREPROCESSOR_DEFINITIONS = (
					"DEBUG=1",
					"$(inherited)",
				);
				GCC_WARN_64_TO_32_BIT_CONVERSION = YES;
				GCC_WARN_ABOUT_RETURN_TYPE = YES_ERROR;
				GCC_WARN_UNDECLARED_SELECTOR = YES;
				GCC_WARN_UNINITIALIZED_AUTOS = YES_AGGRESSIVE;
				GCC_WARN_UNUSED_FUNCTION = YES;
				GCC_WARN_UNUSED_VARIABLE = YES;
				IPHONEOS_DEPLOYMENT_TARGET = 16.2;
				MTL_ENABLE_DEBUG_INFO = INCLUDE_SOURCE;
				MTL_FAST_MATH = YES;
				ONLY_ACTIVE_ARCH = YES;
				SDKROOT = iphoneos;
				SWIFT_ACTIVE_COMPILATION_CONDITIONS = DEBUG;
				SWIFT_OPTIMIZATION_LEVEL = "-Onone";
			};
			name = Debug;
		};
		4FC8ABDA29DE243D00D4B418 /* Release */ = {
			isa = XCBuildConfiguration;
			buildSettings = {
				ALWAYS_SEARCH_USER_PATHS = NO;
				CLANG_ANALYZER_NONNULL = YES;
				CLANG_ANALYZER_NUMBER_OBJECT_CONVERSION = YES_AGGRESSIVE;
				CLANG_CXX_LANGUAGE_STANDARD = "gnu++20";
				CLANG_ENABLE_MODULES = YES;
				CLANG_ENABLE_OBJC_ARC = YES;
				CLANG_ENABLE_OBJC_WEAK = YES;
				CLANG_WARN_BLOCK_CAPTURE_AUTORELEASING = YES;
				CLANG_WARN_BOOL_CONVERSION = YES;
				CLANG_WARN_COMMA = YES;
				CLANG_WARN_CONSTANT_CONVERSION = YES;
				CLANG_WARN_DEPRECATED_OBJC_IMPLEMENTATIONS = YES;
				CLANG_WARN_DIRECT_OBJC_ISA_USAGE = YES_ERROR;
				CLANG_WARN_DOCUMENTATION_COMMENTS = YES;
				CLANG_WARN_EMPTY_BODY = YES;
				CLANG_WARN_ENUM_CONVERSION = YES;
				CLANG_WARN_INFINITE_RECURSION = YES;
				CLANG_WARN_INT_CONVERSION = YES;
				CLANG_WARN_NON_LITERAL_NULL_CONVERSION = YES;
				CLANG_WARN_OBJC_IMPLICIT_RETAIN_SELF = YES;
				CLANG_WARN_OBJC_LITERAL_CONVERSION = YES;
				CLANG_WARN_OBJC_ROOT_CLASS = YES_ERROR;
				CLANG_WARN_QUOTED_INCLUDE_IN_FRAMEWORK_HEADER = YES;
				CLANG_WARN_RANGE_LOOP_ANALYSIS = YES;
				CLANG_WARN_STRICT_PROTOTYPES = YES;
				CLANG_WARN_SUSPICIOUS_MOVE = YES;
				CLANG_WARN_UNGUARDED_AVAILABILITY = YES_AGGRESSIVE;
				CLANG_WARN_UNREACHABLE_CODE = YES;
				CLANG_WARN__DUPLICATE_METHOD_MATCH = YES;
				COPY_PHASE_STRIP = NO;
				DEBUG_INFORMATION_FORMAT = "dwarf-with-dsym";
				ENABLE_NS_ASSERTIONS = NO;
				ENABLE_STRICT_OBJC_MSGSEND = YES;
				GCC_C_LANGUAGE_STANDARD = gnu11;
				GCC_NO_COMMON_BLOCKS = YES;
				GCC_WARN_64_TO_32_BIT_CONVERSION = YES;
				GCC_WARN_ABOUT_RETURN_TYPE = YES_ERROR;
				GCC_WARN_UNDECLARED_SELECTOR = YES;
				GCC_WARN_UNINITIALIZED_AUTOS = YES_AGGRESSIVE;
				GCC_WARN_UNUSED_FUNCTION = YES;
				GCC_WARN_UNUSED_VARIABLE = YES;
				IPHONEOS_DEPLOYMENT_TARGET = 16.2;
				MTL_ENABLE_DEBUG_INFO = NO;
				MTL_FAST_MATH = YES;
				SDKROOT = iphoneos;
				SWIFT_COMPILATION_MODE = wholemodule;
				SWIFT_OPTIMIZATION_LEVEL = "-O";
				VALIDATE_PRODUCT = YES;
			};
			name = Release;
		};
		4FC8ABDC29DE243D00D4B418 /* Debug */ = {
			isa = XCBuildConfiguration;
			buildSettings = {
				ASSETCATALOG_COMPILER_APPICON_NAME = AppIcon;
				ASSETCATALOG_COMPILER_GLOBAL_ACCENT_COLOR_NAME = AccentColor;
				CODE_SIGN_STYLE = Automatic;
				CURRENT_PROJECT_VERSION = 1;
				GENERATE_INFOPLIST_FILE = YES;
				INFOPLIST_FILE = ToDoList/Info.plist;
				INFOPLIST_KEY_UIApplicationSupportsIndirectInputEvents = YES;
				INFOPLIST_KEY_UILaunchStoryboardName = LaunchScreen;
				INFOPLIST_KEY_UIMainStoryboardFile = Main;
				INFOPLIST_KEY_UISupportedInterfaceOrientations_iPad = "UIInterfaceOrientationPortrait UIInterfaceOrientationPortraitUpsideDown UIInterfaceOrientationLandscapeLeft UIInterfaceOrientationLandscapeRight";
				INFOPLIST_KEY_UISupportedInterfaceOrientations_iPhone = "UIInterfaceOrientationPortrait UIInterfaceOrientationLandscapeLeft UIInterfaceOrientationLandscapeRight";
				LD_RUNPATH_SEARCH_PATHS = (
					"$(inherited)",
					"@executable_path/Frameworks",
				);
				MARKETING_VERSION = 1.0;
				PRODUCT_BUNDLE_IDENTIFIER = Fatma.ToDoList;
				PRODUCT_NAME = "$(TARGET_NAME)";
				SWIFT_EMIT_LOC_STRINGS = YES;
				SWIFT_VERSION = 5.0;
				TARGETED_DEVICE_FAMILY = "1,2";
			};
			name = Debug;
		};
		4FC8ABDD29DE243D00D4B418 /* Release */ = {
			isa = XCBuildConfiguration;
			buildSettings = {
				ASSETCATALOG_COMPILER_APPICON_NAME = AppIcon;
				ASSETCATALOG_COMPILER_GLOBAL_ACCENT_COLOR_NAME = AccentColor;
				CODE_SIGN_STYLE = Automatic;
				CURRENT_PROJECT_VERSION = 1;
				GENERATE_INFOPLIST_FILE = YES;
				INFOPLIST_FILE = ToDoList/Info.plist;
				INFOPLIST_KEY_UIApplicationSupportsIndirectInputEvents = YES;
				INFOPLIST_KEY_UILaunchStoryboardName = LaunchScreen;
				INFOPLIST_KEY_UIMainStoryboardFile = Main;
				INFOPLIST_KEY_UISupportedInterfaceOrientations_iPad = "UIInterfaceOrientationPortrait UIInterfaceOrientationPortraitUpsideDown UIInterfaceOrientationLandscapeLeft UIInterfaceOrientationLandscapeRight";
				INFOPLIST_KEY_UISupportedInterfaceOrientations_iPhone = "UIInterfaceOrientationPortrait UIInterfaceOrientationLandscapeLeft UIInterfaceOrientationLandscapeRight";
				LD_RUNPATH_SEARCH_PATHS = (
					"$(inherited)",
					"@executable_path/Frameworks",
				);
				MARKETING_VERSION = 1.0;
				PRODUCT_BUNDLE_IDENTIFIER = Fatma.ToDoList;
				PRODUCT_NAME = "$(TARGET_NAME)";
				SWIFT_EMIT_LOC_STRINGS = YES;
				SWIFT_VERSION = 5.0;
				TARGETED_DEVICE_FAMILY = "1,2";
			};
			name = Release;
		};
		4FC8ABDF29DE243D00D4B418 /* Debug */ = {
			isa = XCBuildConfiguration;
			buildSettings = {
				ALWAYS_EMBED_SWIFT_STANDARD_LIBRARIES = YES;
				BUNDLE_LOADER = "$(TEST_HOST)";
				CODE_SIGN_STYLE = Automatic;
				CURRENT_PROJECT_VERSION = 1;
				GENERATE_INFOPLIST_FILE = YES;
				IPHONEOS_DEPLOYMENT_TARGET = 16.2;
				MARKETING_VERSION = 1.0;
				PRODUCT_BUNDLE_IDENTIFIER = Fatma.ToDoListTests;
				PRODUCT_NAME = "$(TARGET_NAME)";
				SWIFT_EMIT_LOC_STRINGS = NO;
				SWIFT_VERSION = 5.0;
				TARGETED_DEVICE_FAMILY = "1,2";
				TEST_HOST = "$(BUILT_PRODUCTS_DIR)/ToDoList.app/$(BUNDLE_EXECUTABLE_FOLDER_PATH)/ToDoList";
			};
			name = Debug;
		};
		4FC8ABE029DE243D00D4B418 /* Release */ = {
			isa = XCBuildConfiguration;
			buildSettings = {
				ALWAYS_EMBED_SWIFT_STANDARD_LIBRARIES = YES;
				BUNDLE_LOADER = "$(TEST_HOST)";
				CODE_SIGN_STYLE = Automatic;
				CURRENT_PROJECT_VERSION = 1;
				GENERATE_INFOPLIST_FILE = YES;
				IPHONEOS_DEPLOYMENT_TARGET = 16.2;
				MARKETING_VERSION = 1.0;
				PRODUCT_BUNDLE_IDENTIFIER = Fatma.ToDoListTests;
				PRODUCT_NAME = "$(TARGET_NAME)";
				SWIFT_EMIT_LOC_STRINGS = NO;
				SWIFT_VERSION = 5.0;
				TARGETED_DEVICE_FAMILY = "1,2";
				TEST_HOST = "$(BUILT_PRODUCTS_DIR)/ToDoList.app/$(BUNDLE_EXECUTABLE_FOLDER_PATH)/ToDoList";
			};
			name = Release;
		};
		4FC8ABE229DE243D00D4B418 /* Debug */ = {
			isa = XCBuildConfiguration;
			buildSettings = {
				ALWAYS_EMBED_SWIFT_STANDARD_LIBRARIES = YES;
				CODE_SIGN_STYLE = Automatic;
				CURRENT_PROJECT_VERSION = 1;
				GENERATE_INFOPLIST_FILE = YES;
				MARKETING_VERSION = 1.0;
				PRODUCT_BUNDLE_IDENTIFIER = Fatma.ToDoListUITests;
				PRODUCT_NAME = "$(TARGET_NAME)";
				SWIFT_EMIT_LOC_STRINGS = NO;
				SWIFT_VERSION = 5.0;
				TARGETED_DEVICE_FAMILY = "1,2";
				TEST_TARGET_NAME = ToDoList;
			};
			name = Debug;
		};
		4FC8ABE329DE243D00D4B418 /* Release */ = {
			isa = XCBuildConfiguration;
			buildSettings = {
				ALWAYS_EMBED_SWIFT_STANDARD_LIBRARIES = YES;
				CODE_SIGN_STYLE = Automatic;
				CURRENT_PROJECT_VERSION = 1;
				GENERATE_INFOPLIST_FILE = YES;
				MARKETING_VERSION = 1.0;
				PRODUCT_BUNDLE_IDENTIFIER = Fatma.ToDoListUITests;
				PRODUCT_NAME = "$(TARGET_NAME)";
				SWIFT_EMIT_LOC_STRINGS = NO;
				SWIFT_VERSION = 5.0;
				TARGETED_DEVICE_FAMILY = "1,2";
				TEST_TARGET_NAME = ToDoList;
			};
			name = Release;
		};
/* End XCBuildConfiguration section */

/* Begin XCConfigurationList section */
		4FC8ABA929DE243A00D4B418 /* Build configuration list for PBXProject "ToDoList" */ = {
			isa = XCConfigurationList;
			buildConfigurations = (
				4FC8ABD929DE243D00D4B418 /* Debug */,
				4FC8ABDA29DE243D00D4B418 /* Release */,
			);
			defaultConfigurationIsVisible = 0;
			defaultConfigurationName = Release;
		};
		4FC8ABDB29DE243D00D4B418 /* Build configuration list for PBXNativeTarget "ToDoList" */ = {
			isa = XCConfigurationList;
			buildConfigurations = (
				4FC8ABDC29DE243D00D4B418 /* Debug */,
				4FC8ABDD29DE243D00D4B418 /* Release */,
			);
			defaultConfigurationIsVisible = 0;
			defaultConfigurationName = Release;
		};
		4FC8ABDE29DE243D00D4B418 /* Build configuration list for PBXNativeTarget "ToDoListTests" */ = {
			isa = XCConfigurationList;
			buildConfigurations = (
				4FC8ABDF29DE243D00D4B418 /* Debug */,
				4FC8ABE029DE243D00D4B418 /* Release */,
			);
			defaultConfigurationIsVisible = 0;
			defaultConfigurationName = Release;
		};
		4FC8ABE129DE243D00D4B418 /* Build configuration list for PBXNativeTarget "ToDoListUITests" */ = {
			isa = XCConfigurationList;
			buildConfigurations = (
				4FC8ABE229DE243D00D4B418 /* Debug */,
				4FC8ABE329DE243D00D4B418 /* Release */,
			);
			defaultConfigurationIsVisible = 0;
			defaultConfigurationName = Release;
		};
/* End XCConfigurationList section */

/* Begin XCVersionGroup section */
		4FC8ABBA29DE243A00D4B418 /* ToDoList.xcdatamodeld */ = {
			isa = XCVersionGroup;
			children = (
				4FC8ABBB29DE243A00D4B418 /* ToDoList.xcdatamodel */,
			);
			currentVersion = 4FC8ABBB29DE243A00D4B418 /* ToDoList.xcdatamodel */;
			path = ToDoList.xcdatamodeld;
			sourceTree = "<group>";
			versionGroupType = wrapper.xcdatamodel;
		};
/* End XCVersionGroup section */
	};
	rootObject = 4FC8ABA629DE243A00D4B418 /* Project object */;
}
